
Microsoft Visual Studio Solution File, Format Version 12.00
Project("{FAE04EC0-301F-11D3-BF4B-00C04F79EFBC}") = "TestNinja", "Testing\TestNinja\TestNinja.csproj", "{23A35D1C-830D-43FD-8342-E339E05A322B}"
EndProject
Project("{2150E333-8FDC-42A3-9474-1A3956D46DE8}") = "Testing", "Testing", "{9BFE1051-BBCE-4B6B-9A98-9404E17EE6B5}"
EndProject
Project("{FAE04EC0-301F-11D3-BF4B-00C04F79EFBC}") = "TestNinja.Tests", "Testing\TestNinja.Tests\TestNinja.Tests.csproj", "{C9129606-F0C2-4411-9C1F-EF47CB0B0C43}"
EndProject
Project("{2150E333-8FDC-42A3-9474-1A3956D46DE8}") = "DataBase", "DataBase", "{EC55A878-2528-456A-80FE-13F5417B831D}"
EndProject
Project("{2150E333-8FDC-42A3-9474-1A3956D46DE8}") = "Application", "Application", "{22DF19EC-A092-4E87-BF9E-436223E04212}"
EndProject
Project("{2150E333-8FDC-42A3-9474-1A3956D46DE8}") = "Infrastructure", "Infrastructure", "{B7D9B2F8-5C76-489D-9122-5E433B42AAF6}"
EndProject
Project("{2150E333-8FDC-42A3-9474-1A3956D46DE8}") = "View", "View", "{F56BFDE1-2F0B-44CF-A932-AD0A4038FE54}"
EndProject
Project("{2150E333-8FDC-42A3-9474-1A3956D46DE8}") = "Warehouse", "Warehouse", "{C3FAC5BD-6168-4F52-A904-B8B73C5C6666}"
EndProject
Project("{2150E333-8FDC-42A3-9474-1A3956D46DE8}") = "Report", "Report", "{D59D1C2F-BF76-4B47-A5FA-01A5BA9C8A29}"
EndProject
Project("{2150E333-8FDC-42A3-9474-1A3956D46DE8}") = "Src", "Src", "{3FE16785-2F8D-4D0C-BB0A-CBC4196C5722}"
EndProject
Project("{2150E333-8FDC-42A3-9474-1A3956D46DE8}") = "Tests", "Tests", "{7FB84283-D979-468B-BBAD-C2BD7C97B4B1}"
EndProject
Project("{FAE04EC0-301F-11D3-BF4B-00C04F79EFBC}") = "WareHouse.Core", "Database\Warehouse\WareHouse.Core\WareHouse.Core.csproj", "{BD13C262-68DF-4223-B7EB-0B28B8646021}"
EndProject
Project("{FAE04EC0-301F-11D3-BF4B-00C04F79EFBC}") = "Warehouse.Application", "Database\Warehouse\Warehouse.Application\Warehouse.Application.csproj", "{FE69B789-1F05-4430-93BA-C026913EEBF6}"
EndProject
Project("{FAE04EC0-301F-11D3-BF4B-00C04F79EFBC}") = "Warehouse.Infrastructure", "Database\Warehouse\Warehouse.Infrastructure\Warehouse.Infrastructure.csproj", "{20F9C3DB-591D-4D0F-B752-951026837B87}"
EndProject
Project("{FAE04EC0-301F-11D3-BF4B-00C04F79EFBC}") = "Warehouse.Web", "Database\Warehouse\Warehouse.Web\Warehouse.Web.csproj", "{94EBB280-0729-43B1-8BD9-9B6B538D22E5}"
EndProject
Project("{2150E333-8FDC-42A3-9474-1A3956D46DE8}") = "Asp", "Asp", "{85B96C9F-D515-475D-9168-02AA0A77037A}"
EndProject
Project("{FAE04EC0-301F-11D3-BF4B-00C04F79EFBC}") = "Report.Application", "ASP\Report.Application\Report.Application.csproj", "{20AEC731-B3B3-418E-9C26-65178DBB427F}"
EndProject
Project("{2150E333-8FDC-42A3-9474-1A3956D46DE8}") = "Domain", "Domain", "{0C4252D9-55BF-4613-A76C-9BE808ED19D0}"
EndProject
Project("{FAE04EC0-301F-11D3-BF4B-00C04F79EFBC}") = "Report.Domain", "ASP\Report.Domain\Report.Domain.csproj", "{F6863128-5E14-4725-B344-A9CF051BA998}"
EndProject
Project("{FAE04EC0-301F-11D3-BF4B-00C04F79EFBC}") = "Report.Infrastructure", "ASP\Report.Infrastructure\Report.Infrastructure.csproj", "{AC9BAD08-808A-4994-9FD4-4B4F6BEAB9C4}"
EndProject
Project("{FAE04EC0-301F-11D3-BF4B-00C04F79EFBC}") = "Report.Web", "ASP\Report.Web\Report.Web.csproj", "{282D81C1-D39F-4BC8-BBA1-64F1A02361A7}"
EndProject
Project("{2150E333-8FDC-42A3-9474-1A3956D46DE8}") = "Blazor", "Blazor", "{17158FE7-7E5A-4FC7-82E2-2C2071BCA0B4}"
EndProject
Project("{2150E333-8FDC-42A3-9474-1A3956D46DE8}") = "Client", "Client", "{506E2D4B-2A7C-4B6D-8B37-A8E51BA4981E}"
EndProject
Project("{2150E333-8FDC-42A3-9474-1A3956D46DE8}") = "Server", "Server", "{3ADAF8E4-7409-48ED-A2DB-A0C48F8CD2E8}"
EndProject
Project("{2150E333-8FDC-42A3-9474-1A3956D46DE8}") = "Domain", "Domain", "{A8322B71-818A-4A5D-8EB4-A8DA99C51930}"
EndProject
Project("{FAE04EC0-301F-11D3-BF4B-00C04F79EFBC}") = "StudentCard.Domain", "Blazor\StudentCard.Domain\StudentCard.Domain.csproj", "{24489EC4-AFF7-4971-9497-A717627F987E}"
EndProject
Project("{FAE04EC0-301F-11D3-BF4B-00C04F79EFBC}") = "StudentCard.Application", "Blazor\StudentCard.Application\StudentCard.Application.csproj", "{706F4450-2BE8-41D2-9E45-3458FBC797B8}"
EndProject
Project("{FAE04EC0-301F-11D3-BF4B-00C04F79EFBC}") = "StudentCard.Api", "Blazor\StudentCard.Api\StudentCard.Api.csproj", "{DA066226-2F73-42F1-9326-874FFC0CB93A}"
EndProject
Project("{FAE04EC0-301F-11D3-BF4B-00C04F79EFBC}") = "StudentCard.Client", "Blazor\StudentCard.Client\StudentCard.Client.csproj", "{220D1170-C67C-4EFF-8ACB-4A7A352FDE37}"
EndProject
Project("{FAE04EC0-301F-11D3-BF4B-00C04F79EFBC}") = "StudentCard.Client.Application", "Blazor\StudentCard.Client.Application\StudentCard.Client.Application.csproj", "{CA2B6618-99A3-46C8-AEBD-AA76D6B3AF28}"
EndProject
Global
	GlobalSection(SolutionConfigurationPlatforms) = preSolution
		Debug|Any CPU = Debug|Any CPU
		Release|Any CPU = Release|Any CPU
	EndGlobalSection
	GlobalSection(NestedProjects) = preSolution
		{23A35D1C-830D-43FD-8342-E339E05A322B} = {9BFE1051-BBCE-4B6B-9A98-9404E17EE6B5}
		{C9129606-F0C2-4411-9C1F-EF47CB0B0C43} = {9BFE1051-BBCE-4B6B-9A98-9404E17EE6B5}
		{C3FAC5BD-6168-4F52-A904-B8B73C5C6666} = {EC55A878-2528-456A-80FE-13F5417B831D}
		{B7D9B2F8-5C76-489D-9122-5E433B42AAF6} = {D59D1C2F-BF76-4B47-A5FA-01A5BA9C8A29}
		{22DF19EC-A092-4E87-BF9E-436223E04212} = {D59D1C2F-BF76-4B47-A5FA-01A5BA9C8A29}
		{F56BFDE1-2F0B-44CF-A932-AD0A4038FE54} = {D59D1C2F-BF76-4B47-A5FA-01A5BA9C8A29}
		{3FE16785-2F8D-4D0C-BB0A-CBC4196C5722} = {C3FAC5BD-6168-4F52-A904-B8B73C5C6666}
		{7FB84283-D979-468B-BBAD-C2BD7C97B4B1} = {C3FAC5BD-6168-4F52-A904-B8B73C5C6666}
		{BD13C262-68DF-4223-B7EB-0B28B8646021} = {3FE16785-2F8D-4D0C-BB0A-CBC4196C5722}
		{FE69B789-1F05-4430-93BA-C026913EEBF6} = {3FE16785-2F8D-4D0C-BB0A-CBC4196C5722}
		{20F9C3DB-591D-4D0F-B752-951026837B87} = {3FE16785-2F8D-4D0C-BB0A-CBC4196C5722}
		{94EBB280-0729-43B1-8BD9-9B6B538D22E5} = {3FE16785-2F8D-4D0C-BB0A-CBC4196C5722}
		{D59D1C2F-BF76-4B47-A5FA-01A5BA9C8A29} = {85B96C9F-D515-475D-9168-02AA0A77037A}
		{20AEC731-B3B3-418E-9C26-65178DBB427F} = {22DF19EC-A092-4E87-BF9E-436223E04212}
		{0C4252D9-55BF-4613-A76C-9BE808ED19D0} = {D59D1C2F-BF76-4B47-A5FA-01A5BA9C8A29}
		{F6863128-5E14-4725-B344-A9CF051BA998} = {0C4252D9-55BF-4613-A76C-9BE808ED19D0}
		{AC9BAD08-808A-4994-9FD4-4B4F6BEAB9C4} = {B7D9B2F8-5C76-489D-9122-5E433B42AAF6}
		{282D81C1-D39F-4BC8-BBA1-64F1A02361A7} = {F56BFDE1-2F0B-44CF-A932-AD0A4038FE54}
		{506E2D4B-2A7C-4B6D-8B37-A8E51BA4981E} = {17158FE7-7E5A-4FC7-82E2-2C2071BCA0B4}
		{3ADAF8E4-7409-48ED-A2DB-A0C48F8CD2E8} = {17158FE7-7E5A-4FC7-82E2-2C2071BCA0B4}
		{A8322B71-818A-4A5D-8EB4-A8DA99C51930} = {17158FE7-7E5A-4FC7-82E2-2C2071BCA0B4}
		{24489EC4-AFF7-4971-9497-A717627F987E} = {A8322B71-818A-4A5D-8EB4-A8DA99C51930}
		{706F4450-2BE8-41D2-9E45-3458FBC797B8} = {3ADAF8E4-7409-48ED-A2DB-A0C48F8CD2E8}
		{DA066226-2F73-42F1-9326-874FFC0CB93A} = {3ADAF8E4-7409-48ED-A2DB-A0C48F8CD2E8}
		{220D1170-C67C-4EFF-8ACB-4A7A352FDE37} = {506E2D4B-2A7C-4B6D-8B37-A8E51BA4981E}
		{CA2B6618-99A3-46C8-AEBD-AA76D6B3AF28} = {506E2D4B-2A7C-4B6D-8B37-A8E51BA4981E}
	EndGlobalSection
	GlobalSection(ProjectConfigurationPlatforms) = postSolution
		{23A35D1C-830D-43FD-8342-E339E05A322B}.Debug|Any CPU.ActiveCfg = Debug|Any CPU
		{23A35D1C-830D-43FD-8342-E339E05A322B}.Debug|Any CPU.Build.0 = Debug|Any CPU
		{23A35D1C-830D-43FD-8342-E339E05A322B}.Release|Any CPU.ActiveCfg = Release|Any CPU
		{23A35D1C-830D-43FD-8342-E339E05A322B}.Release|Any CPU.Build.0 = Release|Any CPU
		{C9129606-F0C2-4411-9C1F-EF47CB0B0C43}.Debug|Any CPU.ActiveCfg = Debug|Any CPU
		{C9129606-F0C2-4411-9C1F-EF47CB0B0C43}.Debug|Any CPU.Build.0 = Debug|Any CPU
		{C9129606-F0C2-4411-9C1F-EF47CB0B0C43}.Release|Any CPU.ActiveCfg = Release|Any CPU
		{C9129606-F0C2-4411-9C1F-EF47CB0B0C43}.Release|Any CPU.Build.0 = Release|Any CPU
		{BD13C262-68DF-4223-B7EB-0B28B8646021}.Debug|Any CPU.ActiveCfg = Debug|Any CPU
		{BD13C262-68DF-4223-B7EB-0B28B8646021}.Debug|Any CPU.Build.0 = Debug|Any CPU
		{BD13C262-68DF-4223-B7EB-0B28B8646021}.Release|Any CPU.ActiveCfg = Release|Any CPU
		{BD13C262-68DF-4223-B7EB-0B28B8646021}.Release|Any CPU.Build.0 = Release|Any CPU
		{FE69B789-1F05-4430-93BA-C026913EEBF6}.Debug|Any CPU.ActiveCfg = Debug|Any CPU
		{FE69B789-1F05-4430-93BA-C026913EEBF6}.Debug|Any CPU.Build.0 = Debug|Any CPU
		{FE69B789-1F05-4430-93BA-C026913EEBF6}.Release|Any CPU.ActiveCfg = Release|Any CPU
		{FE69B789-1F05-4430-93BA-C026913EEBF6}.Release|Any CPU.Build.0 = Release|Any CPU
		{20F9C3DB-591D-4D0F-B752-951026837B87}.Debug|Any CPU.ActiveCfg = Debug|Any CPU
		{20F9C3DB-591D-4D0F-B752-951026837B87}.Debug|Any CPU.Build.0 = Debug|Any CPU
		{20F9C3DB-591D-4D0F-B752-951026837B87}.Release|Any CPU.ActiveCfg = Release|Any CPU
		{20F9C3DB-591D-4D0F-B752-951026837B87}.Release|Any CPU.Build.0 = Release|Any CPU
		{94EBB280-0729-43B1-8BD9-9B6B538D22E5}.Debug|Any CPU.ActiveCfg = Debug|Any CPU
		{94EBB280-0729-43B1-8BD9-9B6B538D22E5}.Debug|Any CPU.Build.0 = Debug|Any CPU
		{94EBB280-0729-43B1-8BD9-9B6B538D22E5}.Release|Any CPU.ActiveCfg = Release|Any CPU
		{94EBB280-0729-43B1-8BD9-9B6B538D22E5}.Release|Any CPU.Build.0 = Release|Any CPU
		{20AEC731-B3B3-418E-9C26-65178DBB427F}.Debug|Any CPU.ActiveCfg = Debug|Any CPU
		{20AEC731-B3B3-418E-9C26-65178DBB427F}.Debug|Any CPU.Build.0 = Debug|Any CPU
		{20AEC731-B3B3-418E-9C26-65178DBB427F}.Release|Any CPU.ActiveCfg = Release|Any CPU
		{20AEC731-B3B3-418E-9C26-65178DBB427F}.Release|Any CPU.Build.0 = Release|Any CPU
		{F6863128-5E14-4725-B344-A9CF051BA998}.Debug|Any CPU.ActiveCfg = Debug|Any CPU
		{F6863128-5E14-4725-B344-A9CF051BA998}.Debug|Any CPU.Build.0 = Debug|Any CPU
		{F6863128-5E14-4725-B344-A9CF051BA998}.Release|Any CPU.ActiveCfg = Release|Any CPU
		{F6863128-5E14-4725-B344-A9CF051BA998}.Release|Any CPU.Build.0 = Release|Any CPU
		{AC9BAD08-808A-4994-9FD4-4B4F6BEAB9C4}.Debug|Any CPU.ActiveCfg = Debug|Any CPU
		{AC9BAD08-808A-4994-9FD4-4B4F6BEAB9C4}.Debug|Any CPU.Build.0 = Debug|Any CPU
		{AC9BAD08-808A-4994-9FD4-4B4F6BEAB9C4}.Release|Any CPU.ActiveCfg = Release|Any CPU
		{AC9BAD08-808A-4994-9FD4-4B4F6BEAB9C4}.Release|Any CPU.Build.0 = Release|Any CPU
		{282D81C1-D39F-4BC8-BBA1-64F1A02361A7}.Debug|Any CPU.ActiveCfg = Debug|Any CPU
		{282D81C1-D39F-4BC8-BBA1-64F1A02361A7}.Debug|Any CPU.Build.0 = Debug|Any CPU
		{282D81C1-D39F-4BC8-BBA1-64F1A02361A7}.Release|Any CPU.ActiveCfg = Release|Any CPU
		{282D81C1-D39F-4BC8-BBA1-64F1A02361A7}.Release|Any CPU.Build.0 = Release|Any CPU
		{24489EC4-AFF7-4971-9497-A717627F987E}.Debug|Any CPU.ActiveCfg = Debug|Any CPU
		{24489EC4-AFF7-4971-9497-A717627F987E}.Debug|Any CPU.Build.0 = Debug|Any CPU
		{24489EC4-AFF7-4971-9497-A717627F987E}.Release|Any CPU.ActiveCfg = Release|Any CPU
		{24489EC4-AFF7-4971-9497-A717627F987E}.Release|Any CPU.Build.0 = Release|Any CPU
		{706F4450-2BE8-41D2-9E45-3458FBC797B8}.Debug|Any CPU.ActiveCfg = Debug|Any CPU
		{706F4450-2BE8-41D2-9E45-3458FBC797B8}.Debug|Any CPU.Build.0 = Debug|Any CPU
		{706F4450-2BE8-41D2-9E45-3458FBC797B8}.Release|Any CPU.ActiveCfg = Release|Any CPU
		{706F4450-2BE8-41D2-9E45-3458FBC797B8}.Release|Any CPU.Build.0 = Release|Any CPU
		{DA066226-2F73-42F1-9326-874FFC0CB93A}.Debug|Any CPU.ActiveCfg = Debug|Any CPU
		{DA066226-2F73-42F1-9326-874FFC0CB93A}.Debug|Any CPU.Build.0 = Debug|Any CPU
		{DA066226-2F73-42F1-9326-874FFC0CB93A}.Release|Any CPU.ActiveCfg = Release|Any CPU
		{DA066226-2F73-42F1-9326-874FFC0CB93A}.Release|Any CPU.Build.0 = Release|Any CPU
		{220D1170-C67C-4EFF-8ACB-4A7A352FDE37}.Debug|Any CPU.ActiveCfg = Debug|Any CPU
		{220D1170-C67C-4EFF-8ACB-4A7A352FDE37}.Debug|Any CPU.Build.0 = Debug|Any CPU
		{220D1170-C67C-4EFF-8ACB-4A7A352FDE37}.Release|Any CPU.ActiveCfg = Release|Any CPU
		{220D1170-C67C-4EFF-8ACB-4A7A352FDE37}.Release|Any CPU.Build.0 = Release|Any CPU
		{CA2B6618-99A3-46C8-AEBD-AA76D6B3AF28}.Debug|Any CPU.ActiveCfg = Debug|Any CPU
		{CA2B6618-99A3-46C8-AEBD-AA76D6B3AF28}.Debug|Any CPU.Build.0 = Debug|Any CPU
		{CA2B6618-99A3-46C8-AEBD-AA76D6B3AF28}.Release|Any CPU.ActiveCfg = Release|Any CPU
		{CA2B6618-99A3-46C8-AEBD-AA76D6B3AF28}.Release|Any CPU.Build.0 = Release|Any CPU
	EndGlobalSection
EndGlobal
